
Microsoft Visual Studio Solution File, Format Version 12.00
# Visual Studio Version 17
VisualStudioVersion = 17.0.31903.59
MinimumVisualStudioVersion = 10.0.40219.1
Project("{2150E333-8FDC-42A3-9474-1A3956D46DE8}") = "src", "src", "{827E0CD3-B72D-47B6-A68D-7590B98EB39B}"
EndProject
Project("{FAE04EC0-301F-11D3-BF4B-00C04F79EFBC}") = "SanaCash.GoldCredit.Application", "src\SanaCash.GoldCredit.Application\SanaCash.GoldCredit.Application.csproj", "{9B54FB43-D9BE-41D1-9270-3C9EEF4A61F0}"
EndProject
Project("{FAE04EC0-301F-11D3-BF4B-00C04F79EFBC}") = "SanaCash.GoldCredit.Persistence", "src\SanaCash.GoldCredit.Persistence\SanaCash.GoldCredit.Persistence.csproj", "{BC53859F-D4B0-4556-84E2-58A873C25FEA}"
EndProject
Project("{FAE04EC0-301F-11D3-BF4B-00C04F79EFBC}") = "SanaCash.GoldCredit.Infrastructure", "src\SanaCash.GoldCredit.Infrastructure\SanaCash.GoldCredit.Infrastructure.csproj", "{B4B36A63-C24E-4DDF-AC41-FC33363BA242}"
EndProject
Project("{FAE04EC0-301F-11D3-BF4B-00C04F79EFBC}") = "SanaCash.GoldCredit.Presentation", "src\SanaCash.GoldCredit.Presentation\SanaCash.GoldCredit.Presentation.csproj", "{1DF95C7C-9F39-4B3E-A1BF-37E1A50CF853}"
EndProject
Project("{2150E333-8FDC-42A3-9474-1A3956D46DE8}") = "tests", "tests", "{0AB3BF05-4346-4AA6-1389-037BE0695223}"
EndProject
Project("{FAE04EC0-301F-11D3-BF4B-00C04F79EFBC}") = "SanaCash.GoldCredit.IntegrationTests", "tests\SanaCash.GoldCredit.IntegrationTests\SanaCash.GoldCredit.IntegrationTests.csproj", "{C1976E41-91D0-467D-B82F-5CDDC576C93C}"
EndProject
Project("{FAE04EC0-301F-11D3-BF4B-00C04F79EFBC}") = "SanaCash.GoldCredit.Domain", "src\SanaCash.GoldCredit.Domain\SanaCash.GoldCredit.Domain.csproj", "{445EC60E-7720-4C47-BC6F-6DF1CBBE0518}"
EndProject
Project("{FAE04EC0-301F-11D3-BF4B-00C04F79EFBC}") = "SanaCash.GoldCredit.Domain.UnitTests", "tests\SanaCash.GoldCredit.Domain.UnitTests\SanaCash.GoldCredit.Domain.UnitTests.csproj", "{D50A6836-285C-4561-B902-8752F9EF29B8}"
EndProject
Project("{FAE04EC0-301F-11D3-BF4B-00C04F79EFBC}") = "SanaCash.GoldCredit.Application.UnitTests", "tests\SanaCash.GoldCredit.Application.UnitTests\SanaCash.GoldCredit.Application.UnitTests.csproj", "{40B1DD5E-3BD4-4DD2-A449-C21B67B05A1C}"
EndProject
Project("{FAE04EC0-301F-11D3-BF4B-00C04F79EFBC}") = "SanaCash.GoldCredit.Infrastructure.UnitTests", "tests\SanaCash.GoldCredit.Infrastructure.UnitTests\SanaCash.GoldCredit.Infrastructure.UnitTests.csproj", "{75A37316-9035-4D09-B2D9-3CABEB0D9780}"
EndProject
Project("{FAE04EC0-301F-11D3-BF4B-00C04F79EFBC}") = "SanaCash.GoldCredit.Presentation.UnitTests", "tests\SanaCash.GoldCredit.Presentation.UnitTests\SanaCash.GoldCredit.Presentation.UnitTests.csproj", "{693E6BD7-B902-437B-90E7-47D6C6D41FD9}"
EndProject
Project("{2150E333-8FDC-42A3-9474-1A3956D46DE8}") = "tools", "tools", "{07C2787E-EAC7-C090-1BA3-A61EC2A24D84}"
EndProject
Project("{2150E333-8FDC-42A3-9474-1A3956D46DE8}") = "PriceSimulator", "PriceSimulator", "{A6EA2B4F-6B1F-1618-461A-773960B7163A}"
EndProject
Project("{FAE04EC0-301F-11D3-BF4B-00C04F79EFBC}") = "SanaCash.GoldCredit.PriceSimulator", "tools\PriceSimulator\SanaCash.GoldCredit.PriceSimulator.csproj", "{7BD77796-0D43-407E-AF8D-B7EEF40B7DF9}"
EndProject
Global
	GlobalSection(SolutionConfigurationPlatforms) = preSolution
		Debug|Any CPU = Debug|Any CPU
		Debug|x64 = Debug|x64
		Debug|x86 = Debug|x86
		Release|Any CPU = Release|Any CPU
		Release|x64 = Release|x64
		Release|x86 = Release|x86
	EndGlobalSection
	GlobalSection(ProjectConfigurationPlatforms) = postSolution
		{9B54FB43-D9BE-41D1-9270-3C9EEF4A61F0}.Debug|Any CPU.ActiveCfg = Debug|Any CPU
		{9B54FB43-D9BE-41D1-9270-3C9EEF4A61F0}.Debug|Any CPU.Build.0 = Debug|Any CPU
		{9B54FB43-D9BE-41D1-9270-3C9EEF4A61F0}.Debug|x64.ActiveCfg = Debug|Any CPU
		{9B54FB43-D9BE-41D1-9270-3C9EEF4A61F0}.Debug|x64.Build.0 = Debug|Any CPU
		{9B54FB43-D9BE-41D1-9270-3C9EEF4A61F0}.Debug|x86.ActiveCfg = Debug|Any CPU
		{9B54FB43-D9BE-41D1-9270-3C9EEF4A61F0}.Debug|x86.Build.0 = Debug|Any CPU
		{9B54FB43-D9BE-41D1-9270-3C9EEF4A61F0}.Release|Any CPU.ActiveCfg = Release|Any CPU
		{9B54FB43-D9BE-41D1-9270-3C9EEF4A61F0}.Release|Any CPU.Build.0 = Release|Any CPU
		{9B54FB43-D9BE-41D1-9270-3C9EEF4A61F0}.Release|x64.ActiveCfg = Release|Any CPU
		{9B54FB43-D9BE-41D1-9270-3C9EEF4A61F0}.Release|x64.Build.0 = Release|Any CPU
		{9B54FB43-D9BE-41D1-9270-3C9EEF4A61F0}.Release|x86.ActiveCfg = Release|Any CPU
		{9B54FB43-D9BE-41D1-9270-3C9EEF4A61F0}.Release|x86.Build.0 = Release|Any CPU
		{BC53859F-D4B0-4556-84E2-58A873C25FEA}.Debug|Any CPU.ActiveCfg = Debug|Any CPU
		{BC53859F-D4B0-4556-84E2-58A873C25FEA}.Debug|Any CPU.Build.0 = Debug|Any CPU
		{BC53859F-D4B0-4556-84E2-58A873C25FEA}.Debug|x64.ActiveCfg = Debug|Any CPU
		{BC53859F-D4B0-4556-84E2-58A873C25FEA}.Debug|x64.Build.0 = Debug|Any CPU
		{BC53859F-D4B0-4556-84E2-58A873C25FEA}.Debug|x86.ActiveCfg = Debug|Any CPU
		{BC53859F-D4B0-4556-84E2-58A873C25FEA}.Debug|x86.Build.0 = Debug|Any CPU
		{BC53859F-D4B0-4556-84E2-58A873C25FEA}.Release|Any CPU.ActiveCfg = Release|Any CPU
		{BC53859F-D4B0-4556-84E2-58A873C25FEA}.Release|Any CPU.Build.0 = Release|Any CPU
		{BC53859F-D4B0-4556-84E2-58A873C25FEA}.Release|x64.ActiveCfg = Release|Any CPU
		{BC53859F-D4B0-4556-84E2-58A873C25FEA}.Release|x64.Build.0 = Release|Any CPU
		{BC53859F-D4B0-4556-84E2-58A873C25FEA}.Release|x86.ActiveCfg = Release|Any CPU
		{BC53859F-D4B0-4556-84E2-58A873C25FEA}.Release|x86.Build.0 = Release|Any CPU
		{B4B36A63-C24E-4DDF-AC41-FC33363BA242}.Debug|Any CPU.ActiveCfg = Debug|Any CPU
		{B4B36A63-C24E-4DDF-AC41-FC33363BA242}.Debug|Any CPU.Build.0 = Debug|Any CPU
		{B4B36A63-C24E-4DDF-AC41-FC33363BA242}.Debug|x64.ActiveCfg = Debug|Any CPU
		{B4B36A63-C24E-4DDF-AC41-FC33363BA242}.Debug|x64.Build.0 = Debug|Any CPU
		{B4B36A63-C24E-4DDF-AC41-FC33363BA242}.Debug|x86.ActiveCfg = Debug|Any CPU
		{B4B36A63-C24E-4DDF-AC41-FC33363BA242}.Debug|x86.Build.0 = Debug|Any CPU
		{B4B36A63-C24E-4DDF-AC41-FC33363BA242}.Release|Any CPU.ActiveCfg = Release|Any CPU
		{B4B36A63-C24E-4DDF-AC41-FC33363BA242}.Release|Any CPU.Build.0 = Release|Any CPU
		{B4B36A63-C24E-4DDF-AC41-FC33363BA242}.Release|x64.ActiveCfg = Release|Any CPU
		{B4B36A63-C24E-4DDF-AC41-FC33363BA242}.Release|x64.Build.0 = Release|Any CPU
		{B4B36A63-C24E-4DDF-AC41-FC33363BA242}.Release|x86.ActiveCfg = Release|Any CPU
		{B4B36A63-C24E-4DDF-AC41-FC33363BA242}.Release|x86.Build.0 = Release|Any CPU
		{1DF95C7C-9F39-4B3E-A1BF-37E1A50CF853}.Debug|Any CPU.ActiveCfg = Debug|Any CPU
		{1DF95C7C-9F39-4B3E-A1BF-37E1A50CF853}.Debug|Any CPU.Build.0 = Debug|Any CPU
		{1DF95C7C-9F39-4B3E-A1BF-37E1A50CF853}.Debug|x64.ActiveCfg = Debug|Any CPU
		{1DF95C7C-9F39-4B3E-A1BF-37E1A50CF853}.Debug|x64.Build.0 = Debug|Any CPU
		{1DF95C7C-9F39-4B3E-A1BF-37E1A50CF853}.Debug|x86.ActiveCfg = Debug|Any CPU
		{1DF95C7C-9F39-4B3E-A1BF-37E1A50CF853}.Debug|x86.Build.0 = Debug|Any CPU
		{1DF95C7C-9F39-4B3E-A1BF-37E1A50CF853}.Release|Any CPU.ActiveCfg = Release|Any CPU
		{1DF95C7C-9F39-4B3E-A1BF-37E1A50CF853}.Release|Any CPU.Build.0 = Release|Any CPU
		{1DF95C7C-9F39-4B3E-A1BF-37E1A50CF853}.Release|x64.ActiveCfg = Release|Any CPU
		{1DF95C7C-9F39-4B3E-A1BF-37E1A50CF853}.Release|x64.Build.0 = Release|Any CPU
		{1DF95C7C-9F39-4B3E-A1BF-37E1A50CF853}.Release|x86.ActiveCfg = Release|Any CPU
		{1DF95C7C-9F39-4B3E-A1BF-37E1A50CF853}.Release|x86.Build.0 = Release|Any CPU
		{C1976E41-91D0-467D-B82F-5CDDC576C93C}.Debug|Any CPU.ActiveCfg = Debug|Any CPU
		{C1976E41-91D0-467D-B82F-5CDDC576C93C}.Debug|Any CPU.Build.0 = Debug|Any CPU
		{C1976E41-91D0-467D-B82F-5CDDC576C93C}.Debug|x64.ActiveCfg = Debug|Any CPU
		{C1976E41-91D0-467D-B82F-5CDDC576C93C}.Debug|x64.Build.0 = Debug|Any CPU
		{C1976E41-91D0-467D-B82F-5CDDC576C93C}.Debug|x86.ActiveCfg = Debug|Any CPU
		{C1976E41-91D0-467D-B82F-5CDDC576C93C}.Debug|x86.Build.0 = Debug|Any CPU
		{C1976E41-91D0-467D-B82F-5CDDC576C93C}.Release|Any CPU.ActiveCfg = Release|Any CPU
		{C1976E41-91D0-467D-B82F-5CDDC576C93C}.Release|Any CPU.Build.0 = Release|Any CPU
		{C1976E41-91D0-467D-B82F-5CDDC576C93C}.Release|x64.ActiveCfg = Release|Any CPU
		{C1976E41-91D0-467D-B82F-5CDDC576C93C}.Release|x64.Build.0 = Release|Any CPU
		{C1976E41-91D0-467D-B82F-5CDDC576C93C}.Release|x86.ActiveCfg = Release|Any CPU
		{C1976E41-91D0-467D-B82F-5CDDC576C93C}.Release|x86.Build.0 = Release|Any CPU
		{445EC60E-7720-4C47-BC6F-6DF1CBBE0518}.Debug|Any CPU.ActiveCfg = Debug|Any CPU
		{445EC60E-7720-4C47-BC6F-6DF1CBBE0518}.Debug|Any CPU.Build.0 = Debug|Any CPU
		{445EC60E-7720-4C47-BC6F-6DF1CBBE0518}.Debug|x64.ActiveCfg = Debug|Any CPU
		{445EC60E-7720-4C47-BC6F-6DF1CBBE0518}.Debug|x64.Build.0 = Debug|Any CPU
		{445EC60E-7720-4C47-BC6F-6DF1CBBE0518}.Debug|x86.ActiveCfg = Debug|Any CPU
		{445EC60E-7720-4C47-BC6F-6DF1CBBE0518}.Debug|x86.Build.0 = Debug|Any CPU
		{445EC60E-7720-4C47-BC6F-6DF1CBBE0518}.Release|Any CPU.ActiveCfg = Release|Any CPU
		{445EC60E-7720-4C47-BC6F-6DF1CBBE0518}.Release|Any CPU.Build.0 = Release|Any CPU
		{445EC60E-7720-4C47-BC6F-6DF1CBBE0518}.Release|x64.ActiveCfg = Release|Any CPU
		{445EC60E-7720-4C47-BC6F-6DF1CBBE0518}.Release|x64.Build.0 = Release|Any CPU
		{445EC60E-7720-4C47-BC6F-6DF1CBBE0518}.Release|x86.ActiveCfg = Release|Any CPU
		{445EC60E-7720-4C47-BC6F-6DF1CBBE0518}.Release|x86.Build.0 = Release|Any CPU
		{D50A6836-285C-4561-B902-8752F9EF29B8}.Debug|Any CPU.ActiveCfg = Debug|Any CPU
		{D50A6836-285C-4561-B902-8752F9EF29B8}.Debug|Any CPU.Build.0 = Debug|Any CPU
		{D50A6836-285C-4561-B902-8752F9EF29B8}.Debug|x64.ActiveCfg = Debug|Any CPU
		{D50A6836-285C-4561-B902-8752F9EF29B8}.Debug|x64.Build.0 = Debug|Any CPU
		{D50A6836-285C-4561-B902-8752F9EF29B8}.Debug|x86.ActiveCfg = Debug|Any CPU
		{D50A6836-285C-4561-B902-8752F9EF29B8}.Debug|x86.Build.0 = Debug|Any CPU
		{D50A6836-285C-4561-B902-8752F9EF29B8}.Release|Any CPU.ActiveCfg = Release|Any CPU
		{D50A6836-285C-4561-B902-8752F9EF29B8}.Release|Any CPU.Build.0 = Release|Any CPU
		{D50A6836-285C-4561-B902-8752F9EF29B8}.Release|x64.ActiveCfg = Release|Any CPU
		{D50A6836-285C-4561-B902-8752F9EF29B8}.Release|x64.Build.0 = Release|Any CPU
		{D50A6836-285C-4561-B902-8752F9EF29B8}.Release|x86.ActiveCfg = Release|Any CPU
		{D50A6836-285C-4561-B902-8752F9EF29B8}.Release|x86.Build.0 = Release|Any CPU
		{40B1DD5E-3BD4-4DD2-A449-C21B67B05A1C}.Debug|Any CPU.ActiveCfg = Debug|Any CPU
		{40B1DD5E-3BD4-4DD2-A449-C21B67B05A1C}.Debug|Any CPU.Build.0 = Debug|Any CPU
		{40B1DD5E-3BD4-4DD2-A449-C21B67B05A1C}.Debug|x64.ActiveCfg = Debug|Any CPU
		{40B1DD5E-3BD4-4DD2-A449-C21B67B05A1C}.Debug|x64.Build.0 = Debug|Any CPU
		{40B1DD5E-3BD4-4DD2-A449-C21B67B05A1C}.Debug|x86.ActiveCfg = Debug|Any CPU
		{40B1DD5E-3BD4-4DD2-A449-C21B67B05A1C}.Debug|x86.Build.0 = Debug|Any CPU
		{40B1DD5E-3BD4-4DD2-A449-C21B67B05A1C}.Release|Any CPU.ActiveCfg = Release|Any CPU
		{40B1DD5E-3BD4-4DD2-A449-C21B67B05A1C}.Release|Any CPU.Build.0 = Release|Any CPU
		{40B1DD5E-3BD4-4DD2-A449-C21B67B05A1C}.Release|x64.ActiveCfg = Release|Any CPU
		{40B1DD5E-3BD4-4DD2-A449-C21B67B05A1C}.Release|x64.Build.0 = Release|Any CPU
		{40B1DD5E-3BD4-4DD2-A449-C21B67B05A1C}.Release|x86.ActiveCfg = Release|Any CPU
		{40B1DD5E-3BD4-4DD2-A449-C21B67B05A1C}.Release|x86.Build.0 = Release|Any CPU
		{75A37316-9035-4D09-B2D9-3CABEB0D9780}.Debug|Any CPU.ActiveCfg = Debug|Any CPU
		{75A37316-9035-4D09-B2D9-3CABEB0D9780}.Debug|Any CPU.Build.0 = Debug|Any CPU
		{75A37316-9035-4D09-B2D9-3CABEB0D9780}.Debug|x64.ActiveCfg = Debug|Any CPU
		{75A37316-9035-4D09-B2D9-3CABEB0D9780}.Debug|x64.Build.0 = Debug|Any CPU
		{75A37316-9035-4D09-B2D9-3CABEB0D9780}.Debug|x86.ActiveCfg = Debug|Any CPU
		{75A37316-9035-4D09-B2D9-3CABEB0D9780}.Debug|x86.Build.0 = Debug|Any CPU
		{75A37316-9035-4D09-B2D9-3CABEB0D9780}.Release|Any CPU.ActiveCfg = Release|Any CPU
		{75A37316-9035-4D09-B2D9-3CABEB0D9780}.Release|Any CPU.Build.0 = Release|Any CPU
		{75A37316-9035-4D09-B2D9-3CABEB0D9780}.Release|x64.ActiveCfg = Release|Any CPU
		{75A37316-9035-4D09-B2D9-3CABEB0D9780}.Release|x64.Build.0 = Release|Any CPU
		{75A37316-9035-4D09-B2D9-3CABEB0D9780}.Release|x86.ActiveCfg = Release|Any CPU
		{75A37316-9035-4D09-B2D9-3CABEB0D9780}.Release|x86.Build.0 = Release|Any CPU
		{693E6BD7-B902-437B-90E7-47D6C6D41FD9}.Debug|Any CPU.ActiveCfg = Debug|Any CPU
		{693E6BD7-B902-437B-90E7-47D6C6D41FD9}.Debug|Any CPU.Build.0 = Debug|Any CPU
		{693E6BD7-B902-437B-90E7-47D6C6D41FD9}.Debug|x64.ActiveCfg = Debug|Any CPU
		{693E6BD7-B902-437B-90E7-47D6C6D41FD9}.Debug|x64.Build.0 = Debug|Any CPU
		{693E6BD7-B902-437B-90E7-47D6C6D41FD9}.Debug|x86.ActiveCfg = Debug|Any CPU
		{693E6BD7-B902-437B-90E7-47D6C6D41FD9}.Debug|x86.Build.0 = Debug|Any CPU
		{693E6BD7-B902-437B-90E7-47D6C6D41FD9}.Release|Any CPU.ActiveCfg = Release|Any CPU
		{693E6BD7-B902-437B-90E7-47D6C6D41FD9}.Release|Any CPU.Build.0 = Release|Any CPU
		{693E6BD7-B902-437B-90E7-47D6C6D41FD9}.Release|x64.ActiveCfg = Release|Any CPU
		{693E6BD7-B902-437B-90E7-47D6C6D41FD9}.Release|x64.Build.0 = Release|Any CPU
		{693E6BD7-B902-437B-90E7-47D6C6D41FD9}.Release|x86.ActiveCfg = Release|Any CPU
		{693E6BD7-B902-437B-90E7-47D6C6D41FD9}.Release|x86.Build.0 = Release|Any CPU
		{7BD77796-0D43-407E-AF8D-B7EEF40B7DF9}.Debug|Any CPU.ActiveCfg = Debug|Any CPU
		{7BD77796-0D43-407E-AF8D-B7EEF40B7DF9}.Debug|Any CPU.Build.0 = Debug|Any CPU
		{7BD77796-0D43-407E-AF8D-B7EEF40B7DF9}.Debug|x64.ActiveCfg = Debug|Any CPU
		{7BD77796-0D43-407E-AF8D-B7EEF40B7DF9}.Debug|x64.Build.0 = Debug|Any CPU
		{7BD77796-0D43-407E-AF8D-B7EEF40B7DF9}.Debug|x86.ActiveCfg = Debug|Any CPU
		{7BD77796-0D43-407E-AF8D-B7EEF40B7DF9}.Debug|x86.Build.0 = Debug|Any CPU
		{7BD77796-0D43-407E-AF8D-B7EEF40B7DF9}.Release|Any CPU.ActiveCfg = Release|Any CPU
		{7BD77796-0D43-407E-AF8D-B7EEF40B7DF9}.Release|Any CPU.Build.0 = Release|Any CPU
		{7BD77796-0D43-407E-AF8D-B7EEF40B7DF9}.Release|x64.ActiveCfg = Release|Any CPU
		{7BD77796-0D43-407E-AF8D-B7EEF40B7DF9}.Release|x64.Build.0 = Release|Any CPU
		{7BD77796-0D43-407E-AF8D-B7EEF40B7DF9}.Release|x86.ActiveCfg = Release|Any CPU
		{7BD77796-0D43-407E-AF8D-B7EEF40B7DF9}.Release|x86.Build.0 = Release|Any CPU
	EndGlobalSection
	GlobalSection(SolutionProperties) = preSolution
		HideSolutionNode = FALSE
	EndGlobalSection
	GlobalSection(NestedProjects) = preSolution
		{9B54FB43-D9BE-41D1-9270-3C9EEF4A61F0} = {827E0CD3-B72D-47B6-A68D-7590B98EB39B}
		{BC53859F-D4B0-4556-84E2-58A873C25FEA} = {827E0CD3-B72D-47B6-A68D-7590B98EB39B}
		{B4B36A63-C24E-4DDF-AC41-FC33363BA242} = {827E0CD3-B72D-47B6-A68D-7590B98EB39B}
		{1DF95C7C-9F39-4B3E-A1BF-37E1A50CF853} = {827E0CD3-B72D-47B6-A68D-7590B98EB39B}
		{C1976E41-91D0-467D-B82F-5CDDC576C93C} = {0AB3BF05-4346-4AA6-1389-037BE0695223}
		{445EC60E-7720-4C47-BC6F-6DF1CBBE0518} = {827E0CD3-B72D-47B6-A68D-7590B98EB39B}
		{D50A6836-285C-4561-B902-8752F9EF29B8} = {0AB3BF05-4346-4AA6-1389-037BE0695223}
		{40B1DD5E-3BD4-4DD2-A449-C21B67B05A1C} = {0AB3BF05-4346-4AA6-1389-037BE0695223}
		{75A37316-9035-4D09-B2D9-3CABEB0D9780} = {0AB3BF05-4346-4AA6-1389-037BE0695223}
		{693E6BD7-B902-437B-90E7-47D6C6D41FD9} = {0AB3BF05-4346-4AA6-1389-037BE0695223}
		{A6EA2B4F-6B1F-1618-461A-773960B7163A} = {07C2787E-EAC7-C090-1BA3-A61EC2A24D84}
		{7BD77796-0D43-407E-AF8D-B7EEF40B7DF9} = {A6EA2B4F-6B1F-1618-461A-773960B7163A}
	EndGlobalSection
EndGlobal
